
Microsoft Visual Studio Solution File, Format Version 12.00
# Visual Studio 14
VisualStudioVersion = 14.0.23107.0
MinimumVisualStudioVersion = 10.0.40219.1
Project("{D954291E-2A0B-460D-934E-DC6B0785DB48}") = "SexyHttp", "SexyHttp\SexyHttp.shproj", "{474C5E95-E5E0-4648-839F-52593D20515C}"
EndProject
Project("{FAE04EC0-301F-11D3-BF4B-00C04F79EFBC}") = "SexyHttp.Tests", "SexyHttp.Tests\SexyHttp.Tests.csproj", "{396E4B5D-C4ED-407A-969C-495DEAAE2075}"
EndProject
Project("{FAE04EC0-301F-11D3-BF4B-00C04F79EFBC}") = "SexyHttp.Net45", "SexyHttp.Net45\SexyHttp.Net45.csproj", "{3877F34E-7FAD-4413-AE47-19E2D99E7400}"
EndProject
Global
	GlobalSection(SharedMSBuildProjectFiles) = preSolution
		SexyHttp\SexyHttp.projitems*{474c5e95-e5e0-4648-839f-52593d20515c}*SharedItemsImports = 13
		SexyHttp\SexyHttp.projitems*{3877f34e-7fad-4413-ae47-19e2d99e7400}*SharedItemsImports = 4
	EndGlobalSection
	GlobalSection(SolutionConfigurationPlatforms) = preSolution
		Debug|Any CPU = Debug|Any CPU
		Release|Any CPU = Release|Any CPU
	EndGlobalSection
	GlobalSection(ProjectConfigurationPlatforms) = postSolution
		{396E4B5D-C4ED-407A-969C-495DEAAE2075}.Debug|Any CPU.ActiveCfg = Debug|Any CPU
		{396E4B5D-C4ED-407A-969C-495DEAAE2075}.Debug|Any CPU.Build.0 = Debug|Any CPU
		{396E4B5D-C4ED-407A-969C-495DEAAE2075}.Release|Any CPU.ActiveCfg = Release|Any CPU
		{396E4B5D-C4ED-407A-969C-495DEAAE2075}.Release|Any CPU.Build.0 = Release|Any CPU
		{3877F34E-7FAD-4413-AE47-19E2D99E7400}.Debug|Any CPU.ActiveCfg = Debug|Any CPU
		{3877F34E-7FAD-4413-AE47-19E2D99E7400}.Debug|Any CPU.Build.0 = Debug|Any CPU
		{3877F34E-7FAD-4413-AE47-19E2D99E7400}.Release|Any CPU.ActiveCfg = Release|Any CPU
		{3877F34E-7FAD-4413-AE47-19E2D99E7400}.Release|Any CPU.Build.0 = Release|Any CPU
	EndGlobalSection
	GlobalSection(SolutionProperties) = preSolution
		HideSolutionNode = FALSE
	EndGlobalSection
EndGlobal
